{
  "name": "pic-stream",
  "lockfileVersion": 3,
  "requires": true,
  "packages": {
    "": {
      "name": "pic-stream",
      "workspaces": [
        "frontend",
        "backend"
      ]
    },
    "backend": {},
    "frontend": {},
    "node_modules/backend": {
      "resolved": "backend",
      "link": true
    },
    "node_modules/frontend": {
      "resolved": "frontend",
      "link": true
    }
  }
}
